schema: '2.0'
stages:
  prepare:
    cmd: python src/preprocess.py
    deps:
    - path: data/BankNote_Authentication.csv
      hash: md5
      md5: e648bb4177bb3738000a7585557c6088
      size: 46442
    - path: src/preprocess.py
      hash: md5
      md5: 7caa056d4ae89913cacc3be87f2e7d56
      size: 4245
    params:
      params.yaml:
        prepare.seed: 2
        prepare.train_size: 0.8
    outs:
    - path: experiments/test_part.csv
      hash: md5
      md5: ffa0aa301f4116d0341ddb3f0136cf43
      size: 9087
    - path: experiments/train_part.csv
      hash: md5
      md5: 6d4d899ce10528b98d0e59af8bc6007f
      size: 36027
  train:
    cmd: python src/train.py
    deps:
    - path: experiments/train_part.csv
      hash: md5
      md5: 6d4d899ce10528b98d0e59af8bc6007f
      size: 36027
    - path: src/train.py
      hash: md5
      md5: d6ac829e1ee43c50fd32f53834cdeedb
      size: 2739
    params:
      params.yaml:
        train.bootstrap: true
        train.ccp_alpha: 0.0
        train.class_weight:
        train.criterion: gini
        train.max_depth:
        train.max_features: sqrt
        train.max_leaf_nodes:
        train.max_samples:
        train.min_impurity_decrease: 0.0
        train.min_samples_leaf: 1
        train.min_samples_split: 2
        train.min_weight_fraction_leaf: 0.0
        train.monotonic_cst:
        train.n_estimators: 300
        train.oob_score: false
        train.random_state:
        train.warm_start: false
    outs:
    - path: experiments/model.pkl
      hash: md5
      md5: 7fa3d8736b13723739056276ded537dd
      size: 1316665
  evaluate:
    cmd: python src/predict.py
    deps:
    - path: experiments/model.pkl
      hash: md5
      md5: 7fa3d8736b13723739056276ded537dd
      size: 1316665
    - path: experiments/test_part.csv
      hash: md5
      md5: ffa0aa301f4116d0341ddb3f0136cf43
      size: 9087
    - path: src/predict.py
      hash: md5
      md5: 84f222238828ffc6436c472b76a3c23f
      size: 2797
    outs:
    - path: experiments/metrics.json
      hash: md5
      md5: 8e9d69ec1cd326285eb9986e7c8156d0
      size: 169
