schema: '2.0'
stages:
  prepare:
    cmd: python src/preprocess.py
    deps:
    - path: data/BankNote_Authentication.csv
      hash: md5
      md5: e648bb4177bb3738000a7585557c6088
      size: 46442
    - path: src/preprocess.py
      hash: md5
      md5: 6e0c06b99b3fad67ef29b00e50af3fc1
      size: 4297
    params:
      params.yaml:
        prepare.seed: 2
        prepare.train_size: 0.8
    outs:
    - path: experiments/test_part.csv
      hash: md5
      md5: 16857dd4f92086fb2973a76df8087fa1
      size: 9087
    - path: experiments/train_part.csv
      hash: md5
      md5: 97c3fc1ebb3a7d8a06286d60961ed212
      size: 36027
  train:
    cmd: python src/train.py
    deps:
    - path: experiments/train_part.csv
      hash: md5
      md5: 97c3fc1ebb3a7d8a06286d60961ed212
      size: 36027
    - path: src/train.py
      hash: md5
      md5: 63877541bcfe1e72230f6e79cbd0484e
      size: 2798
    params:
      params.yaml:
        train.bootstrap: true
        train.ccp_alpha: 0.0
        train.class_weight:
        train.criterion: gini
        train.max_depth:
        train.max_features: sqrt
        train.max_leaf_nodes:
        train.max_samples:
        train.min_impurity_decrease: 0.0
        train.min_samples_leaf: 1
        train.min_samples_split: 2
        train.min_weight_fraction_leaf: 0.0
        train.monotonic_cst:
        train.n_estimators: 400
        train.oob_score: false
        train.random_state:
        train.warm_start: false
    outs:
    - path: experiments/model.pkl
      hash: md5
      md5: 3ef1ae7c4a812b01f7c87b61d5253bb0
      size: 1728665
  evaluate:
    cmd: python src/predict.py
    deps:
    - path: experiments/model.pkl
      hash: md5
      md5: 3ef1ae7c4a812b01f7c87b61d5253bb0
      size: 1728665
    - path: experiments/test_part.csv
      hash: md5
      md5: 16857dd4f92086fb2973a76df8087fa1
      size: 9087
    - path: src/predict.py
      hash: md5
      md5: 3bcee7935774c8736d7ffd0dc3fa82aa
      size: 2797
    outs:
    - path: experiments/metrics.json
      hash: md5
      md5: 4cb229a18d99dc763a16a10e1938307c
      size: 173
