schema: '2.0'
stages:
  prepare:
    cmd: python src/preprocess.py
    deps:
    - path: data/BankNote_Authentication.csv
      hash: md5
      md5: e648bb4177bb3738000a7585557c6088
      size: 46442
    - path: src/preprocess.py
      hash: md5
      md5: ba681952d46362b2425582b60a42a5c5
      size: 4254
    params:
      params.yaml:
        prepare.seed: 2
        prepare.train_size: 0.8
    outs:
    - path: experiments/test_part.csv
      hash: md5
      md5: bf46d18c7a49ec68266df6e1c6786ecb
      size: 9087
    - path: experiments/train_part.csv
      hash: md5
      md5: a46c1a259b5b3d52c75aba0d2dd3f24c
      size: 36027
  train:
    cmd: python src/train.py
    deps:
    - path: experiments/train_part.csv
      hash: md5
      md5: a46c1a259b5b3d52c75aba0d2dd3f24c
      size: 36027
    - path: src/train.py
      hash: md5
      md5: cebbfbb7858f0e43a47e849b0913a884
      size: 2797
    params:
      params.yaml:
        train.bootstrap: true
        train.ccp_alpha: 0.0
        train.class_weight:
        train.criterion: gini
        train.max_depth:
        train.max_features: sqrt
        train.max_leaf_nodes:
        train.max_samples:
        train.min_impurity_decrease: 0.0
        train.min_samples_leaf: 1
        train.min_samples_split: 2
        train.min_weight_fraction_leaf: 0.0
        train.monotonic_cst:
        train.n_estimators: 400
        train.oob_score: false
        train.random_state:
        train.warm_start: false
    outs:
    - path: experiments/model.pkl
      hash: md5
      md5: 2718609bb4a45303414df3129dd6c688
      size: 1753145
  evaluate:
    cmd: python src/predict.py
    deps:
    - path: experiments/model.pkl
      hash: md5
      md5: 2718609bb4a45303414df3129dd6c688
      size: 1753145
    - path: experiments/test_part.csv
      hash: md5
      md5: bf46d18c7a49ec68266df6e1c6786ecb
      size: 9087
    - path: src/predict.py
      hash: md5
      md5: b33b7911eb2a3d2c5a22aecccba80fe5
      size: 2797
    outs:
    - path: experiments/metrics.json
      hash: md5
      md5: 9a22bb748633503d5ebd9afda492b31c
      size: 171
